
Microsoft Visual Studio Solution File, Format Version 12.00
# Visual Studio 2012
Project("{FAE04EC0-301F-11D3-BF4B-00C04F79EFBC}") = "FirstUI", "FirstUI\FirstUI.csproj", "{76FB843B-A456-46B4-BD20-FEB0889A4870}"
EndProject
Project("{FAE04EC0-301F-11D3-BF4B-00C04F79EFBC}") = "FirstUI.iOS", "iOS\FirstUI.iOS.csproj", "{69058EB3-C8E0-45D8-9A04-150C221757E6}"
EndProject
Project("{FAE04EC0-301F-11D3-BF4B-00C04F79EFBC}") = "FirstUI.Droid", "Droid\FirstUI.Droid.csproj", "{D22F987C-E277-483A-A4CC-E5F4F2DA4F56}"
EndProject
Global
	GlobalSection(SolutionConfigurationPlatforms) = preSolution
		Debug|Any CPU = Debug|Any CPU
		Release|Any CPU = Release|Any CPU
		Debug|iPhoneSimulator = Debug|iPhoneSimulator
		Release|iPhoneSimulator = Release|iPhoneSimulator
		Debug|iPhone = Debug|iPhone
		Release|iPhone = Release|iPhone
		Ad-Hoc|iPhone = Ad-Hoc|iPhone
		AppStore|iPhone = AppStore|iPhone
	EndGlobalSection
	GlobalSection(ProjectConfigurationPlatforms) = postSolution
		{69058EB3-C8E0-45D8-9A04-150C221757E6}.Ad-Hoc|iPhone.ActiveCfg = Ad-Hoc|iPhone
		{69058EB3-C8E0-45D8-9A04-150C221757E6}.Ad-Hoc|iPhone.Build.0 = Ad-Hoc|iPhone
		{69058EB3-C8E0-45D8-9A04-150C221757E6}.AppStore|iPhone.ActiveCfg = AppStore|iPhone
		{69058EB3-C8E0-45D8-9A04-150C221757E6}.AppStore|iPhone.Build.0 = AppStore|iPhone
		{69058EB3-C8E0-45D8-9A04-150C221757E6}.Debug|Any CPU.ActiveCfg = Debug|iPhoneSimulator
		{69058EB3-C8E0-45D8-9A04-150C221757E6}.Debug|Any CPU.Build.0 = Debug|iPhoneSimulator
		{69058EB3-C8E0-45D8-9A04-150C221757E6}.Debug|iPhone.ActiveCfg = Debug|iPhone
		{69058EB3-C8E0-45D8-9A04-150C221757E6}.Debug|iPhone.Build.0 = Debug|iPhone
		{69058EB3-C8E0-45D8-9A04-150C221757E6}.Debug|iPhoneSimulator.ActiveCfg = Debug|iPhoneSimulator
		{69058EB3-C8E0-45D8-9A04-150C221757E6}.Debug|iPhoneSimulator.Build.0 = Debug|iPhoneSimulator
		{69058EB3-C8E0-45D8-9A04-150C221757E6}.Release|Any CPU.ActiveCfg = Release|iPhoneSimulator
		{69058EB3-C8E0-45D8-9A04-150C221757E6}.Release|Any CPU.Build.0 = Release|iPhoneSimulator
		{69058EB3-C8E0-45D8-9A04-150C221757E6}.Release|iPhone.ActiveCfg = Release|iPhone
		{69058EB3-C8E0-45D8-9A04-150C221757E6}.Release|iPhone.Build.0 = Release|iPhone
		{69058EB3-C8E0-45D8-9A04-150C221757E6}.Release|iPhoneSimulator.ActiveCfg = Release|iPhoneSimulator
		{69058EB3-C8E0-45D8-9A04-150C221757E6}.Release|iPhoneSimulator.Build.0 = Release|iPhoneSimulator
		{76FB843B-A456-46B4-BD20-FEB0889A4870}.Ad-Hoc|iPhone.ActiveCfg = Debug|Any CPU
		{76FB843B-A456-46B4-BD20-FEB0889A4870}.Ad-Hoc|iPhone.Build.0 = Debug|Any CPU
		{76FB843B-A456-46B4-BD20-FEB0889A4870}.AppStore|iPhone.ActiveCfg = Debug|Any CPU
		{76FB843B-A456-46B4-BD20-FEB0889A4870}.AppStore|iPhone.Build.0 = Debug|Any CPU
		{76FB843B-A456-46B4-BD20-FEB0889A4870}.Debug|Any CPU.ActiveCfg = Debug|Any CPU
		{76FB843B-A456-46B4-BD20-FEB0889A4870}.Debug|Any CPU.Build.0 = Debug|Any CPU
		{76FB843B-A456-46B4-BD20-FEB0889A4870}.Debug|iPhone.ActiveCfg = Debug|Any CPU
		{76FB843B-A456-46B4-BD20-FEB0889A4870}.Debug|iPhone.Build.0 = Debug|Any CPU
		{76FB843B-A456-46B4-BD20-FEB0889A4870}.Debug|iPhoneSimulator.ActiveCfg = Debug|Any CPU
		{76FB843B-A456-46B4-BD20-FEB0889A4870}.Debug|iPhoneSimulator.Build.0 = Debug|Any CPU
		{76FB843B-A456-46B4-BD20-FEB0889A4870}.Release|Any CPU.ActiveCfg = Release|Any CPU
		{76FB843B-A456-46B4-BD20-FEB0889A4870}.Release|Any CPU.Build.0 = Release|Any CPU
		{76FB843B-A456-46B4-BD20-FEB0889A4870}.Release|iPhone.ActiveCfg = Release|Any CPU
		{76FB843B-A456-46B4-BD20-FEB0889A4870}.Release|iPhone.Build.0 = Release|Any CPU
		{76FB843B-A456-46B4-BD20-FEB0889A4870}.Release|iPhoneSimulator.ActiveCfg = Release|Any CPU
		{76FB843B-A456-46B4-BD20-FEB0889A4870}.Release|iPhoneSimulator.Build.0 = Release|Any CPU
		{D22F987C-E277-483A-A4CC-E5F4F2DA4F56}.Ad-Hoc|iPhone.ActiveCfg = Release|Any CPU
		{D22F987C-E277-483A-A4CC-E5F4F2DA4F56}.Ad-Hoc|iPhone.Build.0 = Release|Any CPU
		{D22F987C-E277-483A-A4CC-E5F4F2DA4F56}.AppStore|iPhone.ActiveCfg = Release|Any CPU
		{D22F987C-E277-483A-A4CC-E5F4F2DA4F56}.AppStore|iPhone.Build.0 = Release|Any CPU
		{D22F987C-E277-483A-A4CC-E5F4F2DA4F56}.Debug|Any CPU.ActiveCfg = Debug|Any CPU
		{D22F987C-E277-483A-A4CC-E5F4F2DA4F56}.Debug|Any CPU.Build.0 = Debug|Any CPU
		{D22F987C-E277-483A-A4CC-E5F4F2DA4F56}.Debug|iPhone.ActiveCfg = Debug|Any CPU
		{D22F987C-E277-483A-A4CC-E5F4F2DA4F56}.Debug|iPhone.Build.0 = Debug|Any CPU
		{D22F987C-E277-483A-A4CC-E5F4F2DA4F56}.Debug|iPhoneSimulator.ActiveCfg = Debug|Any CPU
		{D22F987C-E277-483A-A4CC-E5F4F2DA4F56}.Debug|iPhoneSimulator.Build.0 = Debug|Any CPU
		{D22F987C-E277-483A-A4CC-E5F4F2DA4F56}.Release|Any CPU.ActiveCfg = Release|Any CPU
		{D22F987C-E277-483A-A4CC-E5F4F2DA4F56}.Release|Any CPU.Build.0 = Release|Any CPU
		{D22F987C-E277-483A-A4CC-E5F4F2DA4F56}.Release|iPhone.ActiveCfg = Release|Any CPU
		{D22F987C-E277-483A-A4CC-E5F4F2DA4F56}.Release|iPhone.Build.0 = Release|Any CPU
		{D22F987C-E277-483A-A4CC-E5F4F2DA4F56}.Release|iPhoneSimulator.ActiveCfg = Release|Any CPU
		{D22F987C-E277-483A-A4CC-E5F4F2DA4F56}.Release|iPhoneSimulator.Build.0 = Release|Any CPU
	EndGlobalSection
EndGlobal
